{
  "name": "ajs-test",
  "version": "1.0.0",
  "lockfileVersion": 3,
  "requires": true,
  "packages": {
    "": {
      "name": "ajs-test",
      "version": "1.0.0",
      "license": "ISC",
      "dependencies": {
        "@marohha/ajs": "^1.0.0"
      }
    },
    "node_modules/@marohha/ajs": {
      "version": "1.0.0",
      "resolved": "https://npm.pkg.github.com/download/@marohha/ajs/1.0.0/2758b60309f8b198f9fcdae6f83e8b389af02fb9",
      "integrity": "sha512-qKshsJzUtkpVzEnWBelApQns8MZgjbmVqQAeAyDQLMqjs0yzFtM8Ym2eaOp/kvz3g2rLW2d5ybVEJZ8yW7T9CQ==",
      "license": "ISC"
    }
  }
}
